
Microsoft Visual Studio Solution File, Format Version 12.00
# Visual Studio 2013
VisualStudioVersion = 12.0.31101.0
MinimumVisualStudioVersion = 10.0.40219.1
Project("{E24C65DC-7377-472B-9ABA-BC803B73C61A}") = "LigaFepuse_FE", "http://localhost:4769", "{554E09BE-2F3C-467B-9423-4D1D67909444}"
	ProjectSection(WebsiteProperties) = preProject
		UseIISExpress = "true"
		TargetFrameworkMoniker = ".NETFramework,Version%3Dv4.0"
		Debug.AspNetCompiler.VirtualPath = "/localhost_4769"
		Debug.AspNetCompiler.PhysicalPath = "..\LigaFepuse_FE\"
		Debug.AspNetCompiler.TargetPath = "PrecompiledWeb\localhost_4769\"
		Debug.AspNetCompiler.Updateable = "true"
		Debug.AspNetCompiler.ForceOverwrite = "true"
		Debug.AspNetCompiler.FixedNames = "false"
		Debug.AspNetCompiler.Debug = "True"
		Release.AspNetCompiler.VirtualPath = "/localhost_4769"
		Release.AspNetCompiler.PhysicalPath = "..\LigaFepuse_FE\"
		Release.AspNetCompiler.TargetPath = "PrecompiledWeb\localhost_4769\"
		Release.AspNetCompiler.Updateable = "true"
		Release.AspNetCompiler.ForceOverwrite = "true"
		Release.AspNetCompiler.FixedNames = "false"
		Release.AspNetCompiler.Debug = "False"
		SlnRelativePath = "..\LigaFepuse_FE\"
	EndProjectSection
EndProject
Global
	GlobalSection(SolutionConfigurationPlatforms) = preSolution
		Debug|Any CPU = Debug|Any CPU
	EndGlobalSection
	GlobalSection(ProjectConfigurationPlatforms) = postSolution
		{554E09BE-2F3C-467B-9423-4D1D67909444}.Debug|Any CPU.ActiveCfg = Debug|Any CPU
		{554E09BE-2F3C-467B-9423-4D1D67909444}.Debug|Any CPU.Build.0 = Debug|Any CPU
	EndGlobalSection
	GlobalSection(SolutionProperties) = preSolution
		HideSolutionNode = FALSE
	EndGlobalSection
EndGlobal
